
Microsoft Visual Studio Solution File, Format Version 12.00
# Visual Studio 14
VisualStudioVersion = 14.0.24720.0
MinimumVisualStudioVersion = 10.0.40219.1
Project("{FAE04EC0-301F-11D3-BF4B-00C04F79EFBC}") = "Cw6", "Cw6\Cw6.csproj", "{524CF9B1-0CB0-4A79-87CD-FC2A37D3941E}"
EndProject
Project("{FAE04EC0-301F-11D3-BF4B-00C04F79EFBC}") = "Cw5", "..\Cw5\Cw5\Cw5.csproj", "{6E95D522-9098-47CE-A5F9-2BB6377ECCC3}"
EndProject
Project("{FAE04EC0-301F-11D3-BF4B-00C04F79EFBC}") = "Cw4", "..\Cw4\Cw4\Cw4.csproj", "{AA554E09-2EF1-4D19-A574-407505FCF271}"
EndProject
Project("{FAE04EC0-301F-11D3-BF4B-00C04F79EFBC}") = "Cwiczenia3", "..\Cwiczenia3\Cwiczenia3\Cwiczenia3.csproj", "{97611F0A-5FAD-49E1-A2A5-0A6713C2AEA2}"
EndProject
Global
	GlobalSection(SolutionConfigurationPlatforms) = preSolution
		Debug|ARM = Debug|ARM
		Debug|x64 = Debug|x64
		Debug|x86 = Debug|x86
		Release|ARM = Release|ARM
		Release|x64 = Release|x64
		Release|x86 = Release|x86
	EndGlobalSection
	GlobalSection(ProjectConfigurationPlatforms) = postSolution
		{524CF9B1-0CB0-4A79-87CD-FC2A37D3941E}.Debug|ARM.ActiveCfg = Debug|ARM
		{524CF9B1-0CB0-4A79-87CD-FC2A37D3941E}.Debug|ARM.Build.0 = Debug|ARM
		{524CF9B1-0CB0-4A79-87CD-FC2A37D3941E}.Debug|ARM.Deploy.0 = Debug|ARM
		{524CF9B1-0CB0-4A79-87CD-FC2A37D3941E}.Debug|x64.ActiveCfg = Debug|x64
		{524CF9B1-0CB0-4A79-87CD-FC2A37D3941E}.Debug|x64.Build.0 = Debug|x64
		{524CF9B1-0CB0-4A79-87CD-FC2A37D3941E}.Debug|x64.Deploy.0 = Debug|x64
		{524CF9B1-0CB0-4A79-87CD-FC2A37D3941E}.Debug|x86.ActiveCfg = Debug|x86
		{524CF9B1-0CB0-4A79-87CD-FC2A37D3941E}.Debug|x86.Build.0 = Debug|x86
		{524CF9B1-0CB0-4A79-87CD-FC2A37D3941E}.Debug|x86.Deploy.0 = Debug|x86
		{524CF9B1-0CB0-4A79-87CD-FC2A37D3941E}.Release|ARM.ActiveCfg = Release|ARM
		{524CF9B1-0CB0-4A79-87CD-FC2A37D3941E}.Release|ARM.Build.0 = Release|ARM
		{524CF9B1-0CB0-4A79-87CD-FC2A37D3941E}.Release|ARM.Deploy.0 = Release|ARM
		{524CF9B1-0CB0-4A79-87CD-FC2A37D3941E}.Release|x64.ActiveCfg = Release|x64
		{524CF9B1-0CB0-4A79-87CD-FC2A37D3941E}.Release|x64.Build.0 = Release|x64
		{524CF9B1-0CB0-4A79-87CD-FC2A37D3941E}.Release|x64.Deploy.0 = Release|x64
		{524CF9B1-0CB0-4A79-87CD-FC2A37D3941E}.Release|x86.ActiveCfg = Release|x86
		{524CF9B1-0CB0-4A79-87CD-FC2A37D3941E}.Release|x86.Build.0 = Release|x86
		{524CF9B1-0CB0-4A79-87CD-FC2A37D3941E}.Release|x86.Deploy.0 = Release|x86
		{6E95D522-9098-47CE-A5F9-2BB6377ECCC3}.Debug|ARM.ActiveCfg = Debug|ARM
		{6E95D522-9098-47CE-A5F9-2BB6377ECCC3}.Debug|ARM.Build.0 = Debug|ARM
		{6E95D522-9098-47CE-A5F9-2BB6377ECCC3}.Debug|ARM.Deploy.0 = Debug|ARM
		{6E95D522-9098-47CE-A5F9-2BB6377ECCC3}.Debug|x64.ActiveCfg = Debug|x64
		{6E95D522-9098-47CE-A5F9-2BB6377ECCC3}.Debug|x64.Build.0 = Debug|x64
		{6E95D522-9098-47CE-A5F9-2BB6377ECCC3}.Debug|x64.Deploy.0 = Debug|x64
		{6E95D522-9098-47CE-A5F9-2BB6377ECCC3}.Debug|x86.ActiveCfg = Debug|x86
		{6E95D522-9098-47CE-A5F9-2BB6377ECCC3}.Debug|x86.Build.0 = Debug|x86
		{6E95D522-9098-47CE-A5F9-2BB6377ECCC3}.Debug|x86.Deploy.0 = Debug|x86
		{6E95D522-9098-47CE-A5F9-2BB6377ECCC3}.Release|ARM.ActiveCfg = Release|ARM
		{6E95D522-9098-47CE-A5F9-2BB6377ECCC3}.Release|ARM.Build.0 = Release|ARM
		{6E95D522-9098-47CE-A5F9-2BB6377ECCC3}.Release|ARM.Deploy.0 = Release|ARM
		{6E95D522-9098-47CE-A5F9-2BB6377ECCC3}.Release|x64.ActiveCfg = Release|x64
		{6E95D522-9098-47CE-A5F9-2BB6377ECCC3}.Release|x64.Build.0 = Release|x64
		{6E95D522-9098-47CE-A5F9-2BB6377ECCC3}.Release|x64.Deploy.0 = Release|x64
		{6E95D522-9098-47CE-A5F9-2BB6377ECCC3}.Release|x86.ActiveCfg = Release|x86
		{6E95D522-9098-47CE-A5F9-2BB6377ECCC3}.Release|x86.Build.0 = Release|x86
		{6E95D522-9098-47CE-A5F9-2BB6377ECCC3}.Release|x86.Deploy.0 = Release|x86
		{AA554E09-2EF1-4D19-A574-407505FCF271}.Debug|ARM.ActiveCfg = Debug|ARM
		{AA554E09-2EF1-4D19-A574-407505FCF271}.Debug|ARM.Build.0 = Debug|ARM
		{AA554E09-2EF1-4D19-A574-407505FCF271}.Debug|ARM.Deploy.0 = Debug|ARM
		{AA554E09-2EF1-4D19-A574-407505FCF271}.Debug|x64.ActiveCfg = Debug|x64
		{AA554E09-2EF1-4D19-A574-407505FCF271}.Debug|x64.Build.0 = Debug|x64
		{AA554E09-2EF1-4D19-A574-407505FCF271}.Debug|x64.Deploy.0 = Debug|x64
		{AA554E09-2EF1-4D19-A574-407505FCF271}.Debug|x86.ActiveCfg = Debug|x86
		{AA554E09-2EF1-4D19-A574-407505FCF271}.Debug|x86.Build.0 = Debug|x86
		{AA554E09-2EF1-4D19-A574-407505FCF271}.Debug|x86.Deploy.0 = Debug|x86
		{AA554E09-2EF1-4D19-A574-407505FCF271}.Release|ARM.ActiveCfg = Release|ARM
		{AA554E09-2EF1-4D19-A574-407505FCF271}.Release|ARM.Build.0 = Release|ARM
		{AA554E09-2EF1-4D19-A574-407505FCF271}.Release|ARM.Deploy.0 = Release|ARM
		{AA554E09-2EF1-4D19-A574-407505FCF271}.Release|x64.ActiveCfg = Release|x64
		{AA554E09-2EF1-4D19-A574-407505FCF271}.Release|x64.Build.0 = Release|x64
		{AA554E09-2EF1-4D19-A574-407505FCF271}.Release|x64.Deploy.0 = Release|x64
		{AA554E09-2EF1-4D19-A574-407505FCF271}.Release|x86.ActiveCfg = Release|x86
		{AA554E09-2EF1-4D19-A574-407505FCF271}.Release|x86.Build.0 = Release|x86
		{AA554E09-2EF1-4D19-A574-407505FCF271}.Release|x86.Deploy.0 = Release|x86
		{97611F0A-5FAD-49E1-A2A5-0A6713C2AEA2}.Debug|ARM.ActiveCfg = Debug|ARM
		{97611F0A-5FAD-49E1-A2A5-0A6713C2AEA2}.Debug|ARM.Build.0 = Debug|ARM
		{97611F0A-5FAD-49E1-A2A5-0A6713C2AEA2}.Debug|ARM.Deploy.0 = Debug|ARM
		{97611F0A-5FAD-49E1-A2A5-0A6713C2AEA2}.Debug|x64.ActiveCfg = Debug|x64
		{97611F0A-5FAD-49E1-A2A5-0A6713C2AEA2}.Debug|x64.Build.0 = Debug|x64
		{97611F0A-5FAD-49E1-A2A5-0A6713C2AEA2}.Debug|x64.Deploy.0 = Debug|x64
		{97611F0A-5FAD-49E1-A2A5-0A6713C2AEA2}.Debug|x86.ActiveCfg = Debug|x86
		{97611F0A-5FAD-49E1-A2A5-0A6713C2AEA2}.Debug|x86.Build.0 = Debug|x86
		{97611F0A-5FAD-49E1-A2A5-0A6713C2AEA2}.Debug|x86.Deploy.0 = Debug|x86
		{97611F0A-5FAD-49E1-A2A5-0A6713C2AEA2}.Release|ARM.ActiveCfg = Release|ARM
		{97611F0A-5FAD-49E1-A2A5-0A6713C2AEA2}.Release|ARM.Build.0 = Release|ARM
		{97611F0A-5FAD-49E1-A2A5-0A6713C2AEA2}.Release|ARM.Deploy.0 = Release|ARM
		{97611F0A-5FAD-49E1-A2A5-0A6713C2AEA2}.Release|x64.ActiveCfg = Release|x64
		{97611F0A-5FAD-49E1-A2A5-0A6713C2AEA2}.Release|x64.Build.0 = Release|x64
		{97611F0A-5FAD-49E1-A2A5-0A6713C2AEA2}.Release|x64.Deploy.0 = Release|x64
		{97611F0A-5FAD-49E1-A2A5-0A6713C2AEA2}.Release|x86.ActiveCfg = Release|x86
		{97611F0A-5FAD-49E1-A2A5-0A6713C2AEA2}.Release|x86.Build.0 = Release|x86
		{97611F0A-5FAD-49E1-A2A5-0A6713C2AEA2}.Release|x86.Deploy.0 = Release|x86
	EndGlobalSection
	GlobalSection(SolutionProperties) = preSolution
		HideSolutionNode = FALSE
	EndGlobalSection
EndGlobal
